
Microsoft Visual Studio Solution File, Format Version 12.00
# Visual Studio Version 17
VisualStudioVersion = 17.0.31903.59
MinimumVisualStudioVersion = 10.0.40219.1
Project("{FAE04EC0-301F-11D3-BF4B-00C04F79EFBC}") = "S3Explorer", "S3Explorer\S3Explorer.csproj", "{25FA93C2-8AF1-4718-B055-1DB99444C0AB}"
EndProject
Project("{FAE04EC0-301F-11D3-BF4B-00C04F79EFBC}") = "Test.Shared", "..\test\Test.Shared\Test.Shared.csproj", "{28669164-92FC-4A1F-9017-78B9A2CDB96E}"
EndProject
Project("{FAE04EC0-301F-11D3-BF4B-00C04F79EFBC}") = "Test.Automated", "..\test\Test.Automated\Test.Automated.csproj", "{E5C09812-AB55-4C5F-B4E3-FF86D5561964}"
EndProject
Project("{FAE04EC0-301F-11D3-BF4B-00C04F79EFBC}") = "Test.Xunit", "..\test\Test.Xunit\Test.Xunit.csproj", "{69958B21-4321-42F3-B1FE-5B601D22EBD5}"
EndProject
Project("{FAE04EC0-301F-11D3-BF4B-00C04F79EFBC}") = "Test.Nunit", "..\test\Test.Nunit\Test.Nunit.csproj", "{9750D0DB-965B-48FE-850A-CE6BFD2413BF}"
EndProject
Global
	GlobalSection(SolutionConfigurationPlatforms) = preSolution
		Debug|Any CPU = Debug|Any CPU
		Debug|x64 = Debug|x64
		Debug|x86 = Debug|x86
		Release|Any CPU = Release|Any CPU
		Release|x64 = Release|x64
		Release|x86 = Release|x86
	EndGlobalSection
	GlobalSection(ProjectConfigurationPlatforms) = postSolution
		{25FA93C2-8AF1-4718-B055-1DB99444C0AB}.Debug|Any CPU.ActiveCfg = Debug|Any CPU
		{25FA93C2-8AF1-4718-B055-1DB99444C0AB}.Debug|Any CPU.Build.0 = Debug|Any CPU
		{25FA93C2-8AF1-4718-B055-1DB99444C0AB}.Debug|x64.ActiveCfg = Debug|Any CPU
		{25FA93C2-8AF1-4718-B055-1DB99444C0AB}.Debug|x64.Build.0 = Debug|Any CPU
		{25FA93C2-8AF1-4718-B055-1DB99444C0AB}.Debug|x86.ActiveCfg = Debug|Any CPU
		{25FA93C2-8AF1-4718-B055-1DB99444C0AB}.Debug|x86.Build.0 = Debug|Any CPU
		{25FA93C2-8AF1-4718-B055-1DB99444C0AB}.Release|Any CPU.ActiveCfg = Release|Any CPU
		{25FA93C2-8AF1-4718-B055-1DB99444C0AB}.Release|Any CPU.Build.0 = Release|Any CPU
		{25FA93C2-8AF1-4718-B055-1DB99444C0AB}.Release|x64.ActiveCfg = Release|Any CPU
		{25FA93C2-8AF1-4718-B055-1DB99444C0AB}.Release|x64.Build.0 = Release|Any CPU
		{25FA93C2-8AF1-4718-B055-1DB99444C0AB}.Release|x86.ActiveCfg = Release|Any CPU
		{25FA93C2-8AF1-4718-B055-1DB99444C0AB}.Release|x86.Build.0 = Release|Any CPU
		{28669164-92FC-4A1F-9017-78B9A2CDB96E}.Debug|Any CPU.ActiveCfg = Debug|Any CPU
		{28669164-92FC-4A1F-9017-78B9A2CDB96E}.Debug|Any CPU.Build.0 = Debug|Any CPU
		{28669164-92FC-4A1F-9017-78B9A2CDB96E}.Debug|x64.ActiveCfg = Debug|Any CPU
		{28669164-92FC-4A1F-9017-78B9A2CDB96E}.Debug|x64.Build.0 = Debug|Any CPU
		{28669164-92FC-4A1F-9017-78B9A2CDB96E}.Debug|x86.ActiveCfg = Debug|Any CPU
		{28669164-92FC-4A1F-9017-78B9A2CDB96E}.Debug|x86.Build.0 = Debug|Any CPU
		{28669164-92FC-4A1F-9017-78B9A2CDB96E}.Release|Any CPU.ActiveCfg = Release|Any CPU
		{28669164-92FC-4A1F-9017-78B9A2CDB96E}.Release|Any CPU.Build.0 = Release|Any CPU
		{28669164-92FC-4A1F-9017-78B9A2CDB96E}.Release|x64.ActiveCfg = Release|Any CPU
		{28669164-92FC-4A1F-9017-78B9A2CDB96E}.Release|x64.Build.0 = Release|Any CPU
		{28669164-92FC-4A1F-9017-78B9A2CDB96E}.Release|x86.ActiveCfg = Release|Any CPU
		{28669164-92FC-4A1F-9017-78B9A2CDB96E}.Release|x86.Build.0 = Release|Any CPU
		{E5C09812-AB55-4C5F-B4E3-FF86D5561964}.Debug|Any CPU.ActiveCfg = Debug|Any CPU
		{E5C09812-AB55-4C5F-B4E3-FF86D5561964}.Debug|Any CPU.Build.0 = Debug|Any CPU
		{E5C09812-AB55-4C5F-B4E3-FF86D5561964}.Debug|x64.ActiveCfg = Debug|Any CPU
		{E5C09812-AB55-4C5F-B4E3-FF86D5561964}.Debug|x64.Build.0 = Debug|Any CPU
		{E5C09812-AB55-4C5F-B4E3-FF86D5561964}.Debug|x86.ActiveCfg = Debug|Any CPU
		{E5C09812-AB55-4C5F-B4E3-FF86D5561964}.Debug|x86.Build.0 = Debug|Any CPU
		{E5C09812-AB55-4C5F-B4E3-FF86D5561964}.Release|Any CPU.ActiveCfg = Release|Any CPU
		{E5C09812-AB55-4C5F-B4E3-FF86D5561964}.Release|Any CPU.Build.0 = Release|Any CPU
		{E5C09812-AB55-4C5F-B4E3-FF86D5561964}.Release|x64.ActiveCfg = Release|Any CPU
		{E5C09812-AB55-4C5F-B4E3-FF86D5561964}.Release|x64.Build.0 = Release|Any CPU
		{E5C09812-AB55-4C5F-B4E3-FF86D5561964}.Release|x86.ActiveCfg = Release|Any CPU
		{E5C09812-AB55-4C5F-B4E3-FF86D5561964}.Release|x86.Build.0 = Release|Any CPU
		{69958B21-4321-42F3-B1FE-5B601D22EBD5}.Debug|Any CPU.ActiveCfg = Debug|Any CPU
		{69958B21-4321-42F3-B1FE-5B601D22EBD5}.Debug|Any CPU.Build.0 = Debug|Any CPU
		{69958B21-4321-42F3-B1FE-5B601D22EBD5}.Debug|x64.ActiveCfg = Debug|Any CPU
		{69958B21-4321-42F3-B1FE-5B601D22EBD5}.Debug|x64.Build.0 = Debug|Any CPU
		{69958B21-4321-42F3-B1FE-5B601D22EBD5}.Debug|x86.ActiveCfg = Debug|Any CPU
		{69958B21-4321-42F3-B1FE-5B601D22EBD5}.Debug|x86.Build.0 = Debug|Any CPU
		{69958B21-4321-42F3-B1FE-5B601D22EBD5}.Release|Any CPU.ActiveCfg = Release|Any CPU
		{69958B21-4321-42F3-B1FE-5B601D22EBD5}.Release|Any CPU.Build.0 = Release|Any CPU
		{69958B21-4321-42F3-B1FE-5B601D22EBD5}.Release|x64.ActiveCfg = Release|Any CPU
		{69958B21-4321-42F3-B1FE-5B601D22EBD5}.Release|x64.Build.0 = Release|Any CPU
		{69958B21-4321-42F3-B1FE-5B601D22EBD5}.Release|x86.ActiveCfg = Release|Any CPU
		{69958B21-4321-42F3-B1FE-5B601D22EBD5}.Release|x86.Build.0 = Release|Any CPU
		{9750D0DB-965B-48FE-850A-CE6BFD2413BF}.Debug|Any CPU.ActiveCfg = Debug|Any CPU
		{9750D0DB-965B-48FE-850A-CE6BFD2413BF}.Debug|Any CPU.Build.0 = Debug|Any CPU
		{9750D0DB-965B-48FE-850A-CE6BFD2413BF}.Debug|x64.ActiveCfg = Debug|Any CPU
		{9750D0DB-965B-48FE-850A-CE6BFD2413BF}.Debug|x64.Build.0 = Debug|Any CPU
		{9750D0DB-965B-48FE-850A-CE6BFD2413BF}.Debug|x86.ActiveCfg = Debug|Any CPU
		{9750D0DB-965B-48FE-850A-CE6BFD2413BF}.Debug|x86.Build.0 = Debug|Any CPU
		{9750D0DB-965B-48FE-850A-CE6BFD2413BF}.Release|Any CPU.ActiveCfg = Release|Any CPU
		{9750D0DB-965B-48FE-850A-CE6BFD2413BF}.Release|Any CPU.Build.0 = Release|Any CPU
		{9750D0DB-965B-48FE-850A-CE6BFD2413BF}.Release|x64.ActiveCfg = Release|Any CPU
		{9750D0DB-965B-48FE-850A-CE6BFD2413BF}.Release|x64.Build.0 = Release|Any CPU
		{9750D0DB-965B-48FE-850A-CE6BFD2413BF}.Release|x86.ActiveCfg = Release|Any CPU
		{9750D0DB-965B-48FE-850A-CE6BFD2413BF}.Release|x86.Build.0 = Release|Any CPU
	EndGlobalSection
	GlobalSection(SolutionProperties) = preSolution
		HideSolutionNode = FALSE
	EndGlobalSection
EndGlobal
